
Microsoft Visual Studio Solution File, Format Version 12.00
# Visual Studio Version 17
VisualStudioVersion = 17.2.32630.192
MinimumVisualStudioVersion = 10.0.40219.1
Project("{FAE04EC0-301F-11D3-BF4B-00C04F79EFBC}") = "ElasticApmTestClient", "ElasticApmTestClient\ElasticApmTestClient.csproj", "{FF7D01AA-E876-4B7F-A983-CA35769C20A9}"
EndProject
Global
	GlobalSection(SolutionConfigurationPlatforms) = preSolution
		Debug|Any CPU = Debug|Any CPU
		Release|Any CPU = Release|Any CPU
	EndGlobalSection
	GlobalSection(ProjectConfigurationPlatforms) = postSolution
		{FF7D01AA-E876-4B7F-A983-CA35769C20A9}.Debug|Any CPU.ActiveCfg = Debug|Any CPU
		{FF7D01AA-E876-4B7F-A983-CA35769C20A9}.Debug|Any CPU.Build.0 = Debug|Any CPU
		{FF7D01AA-E876-4B7F-A983-CA35769C20A9}.Release|Any CPU.ActiveCfg = Release|Any CPU
		{FF7D01AA-E876-4B7F-A983-CA35769C20A9}.Release|Any CPU.Build.0 = Release|Any CPU
	EndGlobalSection
	GlobalSection(SolutionProperties) = preSolution
		HideSolutionNode = FALSE
	EndGlobalSection
	GlobalSection(ExtensibilityGlobals) = postSolution
		SolutionGuid = {B1F87DA1-078F-40ED-9028-514759689954}
	EndGlobalSection
EndGlobal
